<?xml version="1.0" encoding="utf-8"?>
<Project ToolsVersion="4.0" xmlns="http://schemas.microsoft.com/developer/msbuild/2003">
  <ItemGroup>
    <Filter Include="Source Files">
      <UniqueIdentifier>{4FC737F1-C7A5-4376-A066-2A32D752A2FF}</UniqueIdentifier>
      <Extensions>cpp;c;cc;cxx;def;odl;idl;hpj;bat;asm;asmx</Extensions>
    </Filter>
    <Filter Include="Header Files">
      <UniqueIdentifier>{93995380-89BD-4b04-88EB-625FBE52EBFB}</UniqueIdentifier>
      <Extensions>h;hh;hpp;hxx;hm;inl;inc;xsd</Extensions>
    </Filter>
    <Filter Include="Resource Files">
      <UniqueIdentifier>{67DA6AB6-F800-4c08-8B7A-83BB121AAD01}</UniqueIdentifier>
      <Extensions>rc;ico;cur;bmp;dlg;rc2;rct;bin;rgs;gif;jpg;jpeg;jpe;resx;tiff;tif;png;wav;mfcribbon-ms</Extensions>
    </Filter>
    <Filter Include="include">
      <UniqueIdentifier>{513d523d-df3f-47ed-9df9-f8a543befe30}</UniqueIdentifier>
    </Filter>
  </ItemGroup>
  <ItemGroup>
    <ClInclude Include="..\include\psEngine.h">
      <Filter>include</Filter>
    </ClInclude>
    <ClInclude Include="..\include\psDriver.h">
      <Filter>include</Filter>
    </ClInclude>
    <ClInclude Include="..\include\psRenderable.h">
      <Filter>include</Filter>
    </ClInclude>
    <ClInclude Include="..\include\ps_dec.h">
      <Filter>include</Filter>
    </ClInclude>
    <ClInclude Include="..\include\psCamera.h">
      <Filter>include</Filter>
    </ClInclude>
    <ClInclude Include="..\include\psLocatable.h">
      <Filter>include</Filter>
    </ClInclude>
    <ClInclude Include="..\include\psRect.h">
      <Filter>include</Filter>
    </ClInclude>
    <ClInclude Include="..\include\psVec.h">
      <Filter>include</Filter>
    </ClInclude>
    <ClInclude Include="..\include\psPass.h">
      <Filter>include</Filter>
    </ClInclude>
    <ClInclude Include="..\include\psTex.h">
      <Filter>include</Filter>
    </ClInclude>
    <ClInclude Include="..\include\psStateblock.h">
      <Filter>include</Filter>
    </ClInclude>
    <ClInclude Include="..\include\psShader.h">
      <Filter>include</Filter>
    </ClInclude>
    <ClInclude Include="..\include\psGUIManager.h">
      <Filter>include</Filter>
    </ClInclude>
    <ClInclude Include="psNullDriver.h">
      <Filter>Header Files</Filter>
    </ClInclude>
    <ClInclude Include="..\include\psColor.h">
      <Filter>include</Filter>
    </ClInclude>
    <ClInclude Include="..\include\psCircle.h">
      <Filter>include</Filter>
    </ClInclude>
    <ClInclude Include="..\include\ps_interface.h">
      <Filter>include</Filter>
    </ClInclude>
    <ClInclude Include="..\include\psSolid.h">
      <Filter>include</Filter>
    </ClInclude>
    <ClInclude Include="..\include\psEllipse.h">
      <Filter>include</Filter>
    </ClInclude>
    <ClInclude Include="..\include\psLine.h">
      <Filter>include</Filter>
    </ClInclude>
    <ClInclude Include="..\include\psCullGroup.h">
      <Filter>include</Filter>
    </ClInclude>
    <ClInclude Include="..\include\psColored.h">
      <Filter>include</Filter>
    </ClInclude>
    <ClInclude Include="..\include\psTriangle.h">
      <Filter>include</Filter>
    </ClInclude>
    <ClInclude Include="..\include\psPolygon.h">
      <Filter>include</Filter>
    </ClInclude>
    <ClInclude Include="..\include\psTexFont.h">
      <Filter>include</Filter>
    </ClInclude>
    <ClInclude Include="..\include\psFont.h">
      <Filter>include</Filter>
    </ClInclude>
    <ClInclude Include="..\include\psTextured.h">
      <Filter>include</Filter>
    </ClInclude>
    <ClInclude Include="..\include\psImage.h">
      <Filter>include</Filter>
    </ClInclude>
    <ClInclude Include="..\include\psRenderGeometry.h">
      <Filter>include</Filter>
    </ClInclude>
    <ClInclude Include="..\include\psText.h">
      <Filter>include</Filter>
    </ClInclude>
    <ClInclude Include="..\include\psTileset.h">
      <Filter>include</Filter>
    </ClInclude>
    <ClInclude Include="psDirectX11.h">
      <Filter>Header Files</Filter>
    </ClInclude>
    <ClInclude Include="psDXGI.h">
      <Filter>Header Files</Filter>
    </ClInclude>
    <ClInclude Include="..\include\psEffect.h">
      <Filter>include</Filter>
    </ClInclude>
    <ClInclude Include="..\include\ps_feather.h">
      <Filter>include</Filter>
    </ClInclude>
    <ClInclude Include="..\include\psChart.h">
      <Filter>include</Filter>
    </ClInclude>
    <ClInclude Include="..\include\psVector.h">
      <Filter>include</Filter>
    </ClInclude>
    <ClInclude Include="psDirectX11_fsquadVS.h">
      <Filter>Header Files</Filter>
    </ClInclude>
    <ClInclude Include="psVulkan.h">
      <Filter>Header Files</Filter>
    </ClInclude>
    <ClInclude Include="..\include\psGroup.h">
      <Filter>include</Filter>
    </ClInclude>
    <ClInclude Include="..\include\psParent.h">
      <Filter>include</Filter>
    </ClInclude>
  </ItemGroup>
  <ItemGroup>
    <ClCompile Include="psEngine.cpp">
      <Filter>Source Files</Filter>
    </ClCompile>
    <ClCompile Include="psLocatable.cpp">
      <Filter>Source Files</Filter>
    </ClCompile>
    <ClCompile Include="psCamera.cpp">
      <Filter>Source Files</Filter>
    </ClCompile>
    <ClCompile Include="psRenderable.cpp">
      <Filter>Source Files</Filter>
    </ClCompile>
    <ClCompile Include="psPass.cpp">
      <Filter>Source Files</Filter>
    </ClCompile>
    <ClCompile Include="psStateblock.cpp">
      <Filter>Source Files</Filter>
    </ClCompile>
    <ClCompile Include="psTex.cpp">
      <Filter>Source Files</Filter>
    </ClCompile>
    <ClCompile Include="psShader.cpp">
      <Filter>Source Files</Filter>
    </ClCompile>
    <ClCompile Include="psGUIManager.cpp">
      <Filter>Source Files</Filter>
    </ClCompile>
    <ClCompile Include="psSolid.cpp">
      <Filter>Source Files</Filter>
    </ClCompile>
    <ClCompile Include="psCullGroup.cpp">
      <Filter>Source Files</Filter>
    </ClCompile>
    <ClCompile Include="psTexFont.cpp">
      <Filter>Source Files</Filter>
    </ClCompile>
    <ClCompile Include="psFont.cpp">
      <Filter>Source Files</Filter>
    </ClCompile>
    <ClCompile Include="psColored.cpp">
      <Filter>Source Files</Filter>
    </ClCompile>
    <ClCompile Include="psTextured.cpp">
      <Filter>Source Files</Filter>
    </ClCompile>
    <ClCompile Include="psImage.cpp">
      <Filter>Source Files</Filter>
    </ClCompile>
    <ClCompile Include="psRenderGeometry.cpp">
      <Filter>Source Files</Filter>
    </ClCompile>
    <ClCompile Include="psText.cpp">
      <Filter>Source Files</Filter>
    </ClCompile>
    <ClCompile Include="psTileset.cpp">
      <Filter>Source Files</Filter>
    </ClCompile>
    <ClCompile Include="psColor.cpp">
      <Filter>Source Files</Filter>
    </ClCompile>
    <ClCompile Include="psDirectX11.cpp">
      <Filter>Source Files</Filter>
    </ClCompile>
    <ClCompile Include="psDXGI.cpp">
      <Filter>Source Files</Filter>
    </ClCompile>
    <ClCompile Include="psEffect.cpp">
      <Filter>Source Files</Filter>
    </ClCompile>
    <ClCompile Include="ps_feather.cpp">
      <Filter>Source Files</Filter>
    </ClCompile>
    <ClCompile Include="psDriver.cpp">
      <Filter>Source Files</Filter>
    </ClCompile>
    <ClCompile Include="psVector.cpp">
      <Filter>Source Files</Filter>
    </ClCompile>
    <ClCompile Include="psChart.cpp">
      <Filter>Source Files</Filter>
    </ClCompile>
    <ClCompile Include="psMonitor.cpp">
      <Filter>Source Files</Filter>
    </ClCompile>
    <ClCompile Include="psVulkan.cpp">
      <Filter>Source Files</Filter>
    </ClCompile>
    <ClCompile Include="psGroup.cpp">
      <Filter>Source Files</Filter>
    </ClCompile>
    <ClCompile Include="psParent.cpp">
      <Filter>Source Files</Filter>
    </ClCompile>
  </ItemGroup>
  <ItemGroup>
    <FxCompile Include="fsquadVS.hlsl">
      <Filter>Resource Files</Filter>
    </FxCompile>
  </ItemGroup>
  <ItemGroup>
    <ResourceCompile Include="PlaneShader.rc">
      <Filter>Resource Files</Filter>
    </ResourceCompile>
  </ItemGroup>
</Project>